
Microsoft Visual Studio Solution File, Format Version 12.00
# Visual Studio 15
VisualStudioVersion = 15.0.28010.0
MinimumVisualStudioVersion = 10.0.40219.1
Project("{FAE04EC0-301F-11D3-BF4B-00C04F79EFBC}") = "MLis_przyklady", "MLis_przyklady\MLis_przyklady.csproj", "{E18AB69B-CDB5-4AE7-907E-4FC529885E5D}"
EndProject
Project("{FAE04EC0-301F-11D3-BF4B-00C04F79EFBC}") = "Przyklady_If_else", "Przyklady_If_else\Przyklady_If_else.csproj", "{351968E2-291F-46C4-9039-60F3DC7F38A4}"
EndProject
Project("{FAE04EC0-301F-11D3-BF4B-00C04F79EFBC}") = "If_else_rownianie_kw", "If_else_rownianie_kw\If_else_rownianie_kw.csproj", "{9EBE6692-8222-4D17-A2B0-F5D130CAF3A0}"
EndProject
Project("{FAE04EC0-301F-11D3-BF4B-00C04F79EFBC}") = "If_else_8_1", "If_else_8_1\If_else_8_1.csproj", "{AFF35739-5185-44EF-8B67-09035F72099A}"
EndProject
Project("{FAE04EC0-301F-11D3-BF4B-00C04F79EFBC}") = "If_else_8_2", "If_else_8_2\If_else_8_2.csproj", "{23D50B8F-2F5F-4550-9DCE-7D7B7DB86B68}"
EndProject
Project("{FAE04EC0-301F-11D3-BF4B-00C04F79EFBC}") = "If_8_3", "If_8_3\If_8_3.csproj", "{8A2B65A9-17EF-46D8-AAA2-0F905B60C47F}"
EndProject
Project("{FAE04EC0-301F-11D3-BF4B-00C04F79EFBC}") = "If_8_4", "If_8_4\If_8_4.csproj", "{FB6C4AAE-D0F7-47EF-8147-4EFCC35E2714}"
EndProject
Project("{FAE04EC0-301F-11D3-BF4B-00C04F79EFBC}") = "If_8_5", "If_8_5\If_8_5.csproj", "{D09837C8-77E3-4216-8F30-D3409E0BFA9E}"
EndProject
Project("{FAE04EC0-301F-11D3-BF4B-00C04F79EFBC}") = "Swtich_exampels", "Swtich_exampels\Swtich_exampels.csproj", "{C6CE6A01-0B87-4952-A0CE-E0E338B103DF}"
EndProject
Project("{FAE04EC0-301F-11D3-BF4B-00C04F79EFBC}") = "Operator_warinkowy", "Operator_warinkowy\Operator_warinkowy.csproj", "{0557A00C-1DB7-4F53-A140-858CCB035346}"
EndProject
Project("{FAE04EC0-301F-11D3-BF4B-00C04F79EFBC}") = "Switch_9_1", "Switch_9_1\Switch_9_1.csproj", "{8768043E-C8C3-48D0-A265-1E8B8C6564C9}"
EndProject
Project("{FAE04EC0-301F-11D3-BF4B-00C04F79EFBC}") = "Switch_9_2", "Switch_9_2\Switch_9_2.csproj", "{129D0651-105E-4038-84D7-40F35C0BED7A}"
EndProject
Project("{FAE04EC0-301F-11D3-BF4B-00C04F79EFBC}") = "Switch_9_3", "Switch_9_3\Switch_9_3.csproj", "{D8F27E9B-D26F-4644-AB6B-93E62A96B377}"
EndProject
Project("{FAE04EC0-301F-11D3-BF4B-00C04F79EFBC}") = "Switch_9_4", "Switch_9_4\Switch_9_4.csproj", "{8C65AB2D-FAD4-40AC-B133-08083B2E1640}"
EndProject
Project("{FAE04EC0-301F-11D3-BF4B-00C04F79EFBC}") = "Switch_9_5", "Switch_9_5\Switch_9_5.csproj", "{4DEEA740-1577-404D-96B7-1B4EFB7916A8}"
EndProject
Project("{FAE04EC0-301F-11D3-BF4B-00C04F79EFBC}") = "Petle_przyklad_2.27", "Petle_przyklad_2.27\Petle_przyklad_2.27.csproj", "{F60D8EC0-6D5D-424F-9A2E-803E02B4FB3F}"
EndProject
Project("{FAE04EC0-301F-11D3-BF4B-00C04F79EFBC}") = "Perle_example_2.28", "Perle_example_2.28\Perle_example_2.28.csproj", "{418328FB-88B8-46E8-AB93-3D3FCB4445B5}"
EndProject
Project("{FAE04EC0-301F-11D3-BF4B-00C04F79EFBC}") = "Petla_while", "Petla_while\Petla_while.csproj", "{955263BB-5F92-4554-BCE1-D466163EB2E8}"
EndProject
Project("{FAE04EC0-301F-11D3-BF4B-00C04F79EFBC}") = "Petla_do_while", "Petla_do_while\Petla_do_while.csproj", "{84EF721E-878E-4479-A9BC-E88B5CBF8656}"
EndProject
Project("{FAE04EC0-301F-11D3-BF4B-00C04F79EFBC}") = "Przyklad_petli_foreach", "Przyklad_petli_foreach\Przyklad_petli_foreach.csproj", "{C99244DB-7B09-4C52-9C3A-052D5F46C3AB}"
EndProject
Global
	GlobalSection(SolutionConfigurationPlatforms) = preSolution
		Debug|Any CPU = Debug|Any CPU
		Release|Any CPU = Release|Any CPU
	EndGlobalSection
	GlobalSection(ProjectConfigurationPlatforms) = postSolution
		{E18AB69B-CDB5-4AE7-907E-4FC529885E5D}.Debug|Any CPU.ActiveCfg = Debug|Any CPU
		{E18AB69B-CDB5-4AE7-907E-4FC529885E5D}.Debug|Any CPU.Build.0 = Debug|Any CPU
		{E18AB69B-CDB5-4AE7-907E-4FC529885E5D}.Release|Any CPU.ActiveCfg = Release|Any CPU
		{E18AB69B-CDB5-4AE7-907E-4FC529885E5D}.Release|Any CPU.Build.0 = Release|Any CPU
		{351968E2-291F-46C4-9039-60F3DC7F38A4}.Debug|Any CPU.ActiveCfg = Debug|Any CPU
		{351968E2-291F-46C4-9039-60F3DC7F38A4}.Debug|Any CPU.Build.0 = Debug|Any CPU
		{351968E2-291F-46C4-9039-60F3DC7F38A4}.Release|Any CPU.ActiveCfg = Release|Any CPU
		{351968E2-291F-46C4-9039-60F3DC7F38A4}.Release|Any CPU.Build.0 = Release|Any CPU
		{9EBE6692-8222-4D17-A2B0-F5D130CAF3A0}.Debug|Any CPU.ActiveCfg = Debug|Any CPU
		{9EBE6692-8222-4D17-A2B0-F5D130CAF3A0}.Debug|Any CPU.Build.0 = Debug|Any CPU
		{9EBE6692-8222-4D17-A2B0-F5D130CAF3A0}.Release|Any CPU.ActiveCfg = Release|Any CPU
		{9EBE6692-8222-4D17-A2B0-F5D130CAF3A0}.Release|Any CPU.Build.0 = Release|Any CPU
		{AFF35739-5185-44EF-8B67-09035F72099A}.Debug|Any CPU.ActiveCfg = Debug|Any CPU
		{AFF35739-5185-44EF-8B67-09035F72099A}.Debug|Any CPU.Build.0 = Debug|Any CPU
		{AFF35739-5185-44EF-8B67-09035F72099A}.Release|Any CPU.ActiveCfg = Release|Any CPU
		{AFF35739-5185-44EF-8B67-09035F72099A}.Release|Any CPU.Build.0 = Release|Any CPU
		{23D50B8F-2F5F-4550-9DCE-7D7B7DB86B68}.Debug|Any CPU.ActiveCfg = Debug|Any CPU
		{23D50B8F-2F5F-4550-9DCE-7D7B7DB86B68}.Debug|Any CPU.Build.0 = Debug|Any CPU
		{23D50B8F-2F5F-4550-9DCE-7D7B7DB86B68}.Release|Any CPU.ActiveCfg = Release|Any CPU
		{23D50B8F-2F5F-4550-9DCE-7D7B7DB86B68}.Release|Any CPU.Build.0 = Release|Any CPU
		{8A2B65A9-17EF-46D8-AAA2-0F905B60C47F}.Debug|Any CPU.ActiveCfg = Debug|Any CPU
		{8A2B65A9-17EF-46D8-AAA2-0F905B60C47F}.Debug|Any CPU.Build.0 = Debug|Any CPU
		{8A2B65A9-17EF-46D8-AAA2-0F905B60C47F}.Release|Any CPU.ActiveCfg = Release|Any CPU
		{8A2B65A9-17EF-46D8-AAA2-0F905B60C47F}.Release|Any CPU.Build.0 = Release|Any CPU
		{FB6C4AAE-D0F7-47EF-8147-4EFCC35E2714}.Debug|Any CPU.ActiveCfg = Debug|Any CPU
		{FB6C4AAE-D0F7-47EF-8147-4EFCC35E2714}.Debug|Any CPU.Build.0 = Debug|Any CPU
		{FB6C4AAE-D0F7-47EF-8147-4EFCC35E2714}.Release|Any CPU.ActiveCfg = Release|Any CPU
		{FB6C4AAE-D0F7-47EF-8147-4EFCC35E2714}.Release|Any CPU.Build.0 = Release|Any CPU
		{D09837C8-77E3-4216-8F30-D3409E0BFA9E}.Debug|Any CPU.ActiveCfg = Debug|Any CPU
		{D09837C8-77E3-4216-8F30-D3409E0BFA9E}.Debug|Any CPU.Build.0 = Debug|Any CPU
		{D09837C8-77E3-4216-8F30-D3409E0BFA9E}.Release|Any CPU.ActiveCfg = Release|Any CPU
		{D09837C8-77E3-4216-8F30-D3409E0BFA9E}.Release|Any CPU.Build.0 = Release|Any CPU
		{C6CE6A01-0B87-4952-A0CE-E0E338B103DF}.Debug|Any CPU.ActiveCfg = Debug|Any CPU
		{C6CE6A01-0B87-4952-A0CE-E0E338B103DF}.Debug|Any CPU.Build.0 = Debug|Any CPU
		{C6CE6A01-0B87-4952-A0CE-E0E338B103DF}.Release|Any CPU.ActiveCfg = Release|Any CPU
		{C6CE6A01-0B87-4952-A0CE-E0E338B103DF}.Release|Any CPU.Build.0 = Release|Any CPU
		{0557A00C-1DB7-4F53-A140-858CCB035346}.Debug|Any CPU.ActiveCfg = Debug|Any CPU
		{0557A00C-1DB7-4F53-A140-858CCB035346}.Debug|Any CPU.Build.0 = Debug|Any CPU
		{0557A00C-1DB7-4F53-A140-858CCB035346}.Release|Any CPU.ActiveCfg = Release|Any CPU
		{0557A00C-1DB7-4F53-A140-858CCB035346}.Release|Any CPU.Build.0 = Release|Any CPU
		{8768043E-C8C3-48D0-A265-1E8B8C6564C9}.Debug|Any CPU.ActiveCfg = Debug|Any CPU
		{8768043E-C8C3-48D0-A265-1E8B8C6564C9}.Debug|Any CPU.Build.0 = Debug|Any CPU
		{8768043E-C8C3-48D0-A265-1E8B8C6564C9}.Release|Any CPU.ActiveCfg = Release|Any CPU
		{8768043E-C8C3-48D0-A265-1E8B8C6564C9}.Release|Any CPU.Build.0 = Release|Any CPU
		{129D0651-105E-4038-84D7-40F35C0BED7A}.Debug|Any CPU.ActiveCfg = Debug|Any CPU
		{129D0651-105E-4038-84D7-40F35C0BED7A}.Debug|Any CPU.Build.0 = Debug|Any CPU
		{129D0651-105E-4038-84D7-40F35C0BED7A}.Release|Any CPU.ActiveCfg = Release|Any CPU
		{129D0651-105E-4038-84D7-40F35C0BED7A}.Release|Any CPU.Build.0 = Release|Any CPU
		{D8F27E9B-D26F-4644-AB6B-93E62A96B377}.Debug|Any CPU.ActiveCfg = Debug|Any CPU
		{D8F27E9B-D26F-4644-AB6B-93E62A96B377}.Debug|Any CPU.Build.0 = Debug|Any CPU
		{D8F27E9B-D26F-4644-AB6B-93E62A96B377}.Release|Any CPU.ActiveCfg = Release|Any CPU
		{D8F27E9B-D26F-4644-AB6B-93E62A96B377}.Release|Any CPU.Build.0 = Release|Any CPU
		{8C65AB2D-FAD4-40AC-B133-08083B2E1640}.Debug|Any CPU.ActiveCfg = Debug|Any CPU
		{8C65AB2D-FAD4-40AC-B133-08083B2E1640}.Debug|Any CPU.Build.0 = Debug|Any CPU
		{8C65AB2D-FAD4-40AC-B133-08083B2E1640}.Release|Any CPU.ActiveCfg = Release|Any CPU
		{8C65AB2D-FAD4-40AC-B133-08083B2E1640}.Release|Any CPU.Build.0 = Release|Any CPU
		{4DEEA740-1577-404D-96B7-1B4EFB7916A8}.Debug|Any CPU.ActiveCfg = Debug|Any CPU
		{4DEEA740-1577-404D-96B7-1B4EFB7916A8}.Debug|Any CPU.Build.0 = Debug|Any CPU
		{4DEEA740-1577-404D-96B7-1B4EFB7916A8}.Release|Any CPU.ActiveCfg = Release|Any CPU
		{4DEEA740-1577-404D-96B7-1B4EFB7916A8}.Release|Any CPU.Build.0 = Release|Any CPU
		{F60D8EC0-6D5D-424F-9A2E-803E02B4FB3F}.Debug|Any CPU.ActiveCfg = Debug|Any CPU
		{F60D8EC0-6D5D-424F-9A2E-803E02B4FB3F}.Debug|Any CPU.Build.0 = Debug|Any CPU
		{F60D8EC0-6D5D-424F-9A2E-803E02B4FB3F}.Release|Any CPU.ActiveCfg = Release|Any CPU
		{F60D8EC0-6D5D-424F-9A2E-803E02B4FB3F}.Release|Any CPU.Build.0 = Release|Any CPU
		{418328FB-88B8-46E8-AB93-3D3FCB4445B5}.Debug|Any CPU.ActiveCfg = Debug|Any CPU
		{418328FB-88B8-46E8-AB93-3D3FCB4445B5}.Debug|Any CPU.Build.0 = Debug|Any CPU
		{418328FB-88B8-46E8-AB93-3D3FCB4445B5}.Release|Any CPU.ActiveCfg = Release|Any CPU
		{418328FB-88B8-46E8-AB93-3D3FCB4445B5}.Release|Any CPU.Build.0 = Release|Any CPU
		{955263BB-5F92-4554-BCE1-D466163EB2E8}.Debug|Any CPU.ActiveCfg = Debug|Any CPU
		{955263BB-5F92-4554-BCE1-D466163EB2E8}.Debug|Any CPU.Build.0 = Debug|Any CPU
		{955263BB-5F92-4554-BCE1-D466163EB2E8}.Release|Any CPU.ActiveCfg = Release|Any CPU
		{955263BB-5F92-4554-BCE1-D466163EB2E8}.Release|Any CPU.Build.0 = Release|Any CPU
		{84EF721E-878E-4479-A9BC-E88B5CBF8656}.Debug|Any CPU.ActiveCfg = Debug|Any CPU
		{84EF721E-878E-4479-A9BC-E88B5CBF8656}.Debug|Any CPU.Build.0 = Debug|Any CPU
		{84EF721E-878E-4479-A9BC-E88B5CBF8656}.Release|Any CPU.ActiveCfg = Release|Any CPU
		{84EF721E-878E-4479-A9BC-E88B5CBF8656}.Release|Any CPU.Build.0 = Release|Any CPU
		{C99244DB-7B09-4C52-9C3A-052D5F46C3AB}.Debug|Any CPU.ActiveCfg = Debug|Any CPU
		{C99244DB-7B09-4C52-9C3A-052D5F46C3AB}.Debug|Any CPU.Build.0 = Debug|Any CPU
		{C99244DB-7B09-4C52-9C3A-052D5F46C3AB}.Release|Any CPU.ActiveCfg = Release|Any CPU
		{C99244DB-7B09-4C52-9C3A-052D5F46C3AB}.Release|Any CPU.Build.0 = Release|Any CPU
	EndGlobalSection
	GlobalSection(SolutionProperties) = preSolution
		HideSolutionNode = FALSE
	EndGlobalSection
	GlobalSection(ExtensibilityGlobals) = postSolution
		SolutionGuid = {2E4902FD-1592-4B1F-A11D-20C6778C5091}
	EndGlobalSection
EndGlobal
